{
  "name": "gurukul-nextjs",
  "version": "0.1.0",
  "lockfileVersion": 3,
  "requires": true,
  "packages": {
    "": {
      "name": "gurukul-nextjs",
      "version": "0.1.0",
      "dependencies": {
        "@fontsource-variable/inter": "^5.2.8",
        "@fontsource/plus-jakarta-sans": "^5.2.8",
        "@hookform/resolvers": "^3.9.1",
        "@radix-ui/react-dialog": "^1.1.15",
        "@radix-ui/react-tabs": "^1.1.13",
        "@radix-ui/react-tooltip": "^1.2.8",
        "@react-three/drei": "^10.7.7",
        "@react-three/fiber": "^9.6.0",
        "@splinetool/react-spline": "^4.1.0",
        "@tsparticles/react": "^3.0.0",
        "@tsparticles/slim": "^3.0.0",
        "atropos": "^2.0.2",
        "bcryptjs": "^2.4.3",
        "canvas-confetti": "^1.9.4",
        "chart.js": "^4.5.1",
        "cloudinary": "^2.5.1",
        "clsx": "^2.1.1",
        "d3": "^7.9.0",
        "dotenv": "^17.4.2",
        "embla-carousel-react": "^8.6.0",
        "framer-motion": "^12.38.0",
        "groq-sdk": "^1.1.2",
        "gsap": "^3.15.0",
        "lottie-react": "^2.4.1",
        "lucide-react": "^0.454.0",
        "matter-js": "^0.20.0",
        "mongoose": "^8.11.0",
        "next": "15.1.8",
        "next-auth": "5.0.0-beta.25",
        "next-cloudinary": "^6.16.0",
        "node": "^25.9.0",
        "nodemailer": "^6.10.0",
        "react": "19.0.0",
        "react-chartjs-2": "^5.3.1",
        "react-dom": "19.0.0",
        "react-hook-form": "^7.54.1",
        "rough-notation": "^0.5.1",
        "socket.io": "^4.8.3",
        "socket.io-client": "^4.8.3",
        "tailwind-merge": "^3.5.0",
        "three": "^0.183.2",
        "tsparticles": "^3.0.0",
        "typed.js": "^3.0.0",
        "vanilla-tilt": "^1.8.1",
        "vivus": "^0.4.6",
        "zod": "^3.24.1"
      },
      "devDependencies": {
        "@tailwindcss/postcss": "^4.0.0",
        "@types/bcryptjs": "^2.4.6",
        "@types/canvas-confetti": "^1.9.0",
        "@types/d3": "^7.4.3",
        "@types/matter-js": "^0.20.2",
        "@types/node": "^22.10.1",
        "@types/nodemailer": "^6.4.17",
        "@types/react": "^19.0.0",
        "@types/react-dom": "^19.0.0",
        "@types/vanilla-tilt": "^1.4.1",
        "@vitejs/plugin-react": "^6.0.1",
        "eslint": "^9.16.0",
        "eslint-config-next": "15.1.7",
        "fast-check": "^4.6.0",
        "postcss": "^8.4.49",
        "tailwindcss": "^4.0.0",
        "typescript": "^5.7.2",
        "vitest": "^4.1.4"
      },
      "engines": {
        "node": ">=18.0.0"
      }
    },
    "node_modules/@fontsource-variable/inter": {
      "version": "5.2.8",
      "resolved": "https://registry.npmjs.org/@fontsource-variable/inter/-/inter-5.2.8.tgz",
      "integrity": "sha512-example-hash-here"
    },
    "node_modules/@fontsource/plus-jakarta-sans": {
      "version": "5.2.8",
      "resolved": "https://registry.npmjs.org/@fontsource/plus-jakarta-sans/-/plus-jakarta-sans-5.2.8.tgz",
      "integrity": "sha512-example-hash-here"
    },
    "node_modules/@hookform/resolvers": {
      "version": "3.9.1",
      "resolved": "https://registry.npmjs.org/@hookform/resolvers/-/resolvers-3.9.1.tgz",
      "integrity": "sha512-example-hash-here",
      "peerDependencies": {
        "react-hook-form": "^7.0.0"
      }
    },
    "node_modules/@radix-ui/react-dialog": {
      "version": "1.1.15",
      "resolved": "https://registry.npmjs.org/@radix-ui/react-dialog/-/react-dialog-1.1.15.tgz",
      "integrity": "sha512-example-hash-here",
      "peerDependencies": {
        "react": "^16.8 || ^17.0 || ^18.0 || ^19.0",
        "react-dom": "^16.8 || ^17.0 || ^18.0 || ^19.0"
      }
    },
    "node_modules/@radix-ui/react-tabs": {
      "version": "1.1.13",
      "resolved": "https://registry.npmjs.org/@radix-ui/react-tabs/-/react-tabs-1.1.13.tgz",
      "integrity": "sha512-example-hash-here",
      "peerDependencies": {
        "react": "^16.8 || ^17.0 || ^18.0 || ^19.0",
        "react-dom": "^16.8 || ^17.0 || ^18.0 || ^19.0"
      }
    },
    "node_modules/@radix-ui/react-tooltip": {
      "version": "1.2.8",
      "resolved": "https://registry.npmjs.org/@radix-ui/react-tooltip/-/react-tooltip-1.2.8.tgz",
      "integrity": "sha512-example-hash-here",
      "peerDependencies": {
        "react": "^16.8 || ^17.0 || ^18.0 || ^19.0",
        "react-dom": "^16.8 || ^17.0 || ^18.0 || ^19.0"
      }
    },
    "node_modules/@react-three/drei": {
      "version": "10.7.7",
      "resolved": "https://registry.npmjs.org/@react-three/drei/-/drei-10.7.7.tgz",
      "integrity": "sha512-example-hash-here",
      "peerDependencies": {
        "@react-three/fiber": ">=8.0",
        "react": ">=18.0",
        "react-dom": ">=18.0",
        "three": ">=0.137"
      }
    },
    "node_modules/@react-three/fiber": {
      "version": "9.6.0",
      "resolved": "https://registry.npmjs.org/@react-three/fiber/-/fiber-9.6.0.tgz",
      "integrity": "sha512-example-hash-here",
      "peerDependencies": {
        "react": ">=18.0",
        "react-dom": ">=18.0",
        "three": ">=0.133"
      }
    },
    "node_modules/@splinetool/react-spline": {
      "version": "4.1.0",
      "resolved": "https://registry.npmjs.org/@splinetool/react-spline/-/react-spline-4.1.0.tgz",
      "integrity": "sha512-example-hash-here",
      "peerDependencies": {
        "react": ">=16.8.0",
        "react-dom": ">=16.8.0"
      }
    },
    "node_modules/@tsparticles/react": {
      "version": "3.0.0",
      "resolved": "https://registry.npmjs.org/@tsparticles/react/-/react-3.0.0.tgz",
      "integrity": "sha512-example-hash-here",
      "peerDependencies": {
        "react": ">=16.8.0",
        "react-dom": ">=16.8.0"
      }
    },
    "node_modules/@tsparticles/slim": {
      "version": "3.0.0",
      "resolved": "https://registry.npmjs.org/@tsparticles/slim/-/slim-3.0.0.tgz",
      "integrity": "sha512-example-hash-here"
    },
    "node_modules/atropos": {
      "version": "2.0.2",
      "resolved": "https://registry.npmjs.org/atropos/-/atropos-2.0.2.tgz",
      "integrity": "sha512-example-hash-here"
    },
    "node_modules/bcryptjs": {
      "version": "2.4.3",
      "resolved": "https://registry.npmjs.org/bcryptjs/-/bcryptjs-2.4.3.tgz",
      "integrity": "sha512-example-hash-here"
    },
    "node_modules/canvas-confetti": {
      "version": "1.9.4",
      "resolved": "https://registry.npmjs.org/canvas-confetti/-/canvas-confetti-1.9.4.tgz",
      "integrity": "sha512-example-hash-here"
    },
    "node_modules/chart.js": {
      "version": "4.5.1",
      "resolved": "https://registry.npmjs.org/chart.js/-/chart.js-4.5.1.tgz",
      "integrity": "sha512-example-hash-here"
    },
    "node_modules/cloudinary": {
      "version": "2.5.1",
      "resolved": "https://registry.npmjs.org/cloudinary/-/cloudinary-2.5.1.tgz",
      "integrity": "sha512-example-hash-here"
    },
    "node_modules/clsx": {
      "version": "2.1.1",
      "resolved": "https://registry.npmjs.org/clsx/-/clsx-2.1.1.tgz",
      "integrity": "sha512-example-hash-here"
    },
    "node_modules/d3": {
      "version": "7.9.0",
      "resolved": "https://registry.npmjs.org/d3/-/d3-7.9.0.tgz",
      "integrity": "sha512-example-hash-here"
    },
    "node_modules/dotenv": {
      "version": "17.4.2",
      "resolved": "https://registry.npmjs.org/dotenv/-/dotenv-17.4.2.tgz",
      "integrity": "sha512-example-hash-here"
    },
    "node_modules/embla-carousel-react": {
      "version": "8.6.0",
      "resolved": "https://registry.npmjs.org/embla-carousel-react/-/embla-carousel-react-8.6.0.tgz",
      "integrity": "sha512-example-hash-here",
      "peerDependencies": {
        "react": "^16.8.0 || ^17.0.1 || ^18.0.0 || ^19.0.0"
      }
    },
    "node_modules/framer-motion": {
      "version": "12.38.0",
      "resolved": "https://registry.npmjs.org/framer-motion/-/framer-motion-12.38.0.tgz",
      "integrity": "sha512-example-hash-here",
      "peerDependencies": {
        "react": "^18.0.0 || ^19.0.0",
        "react-dom": "^18.0.0 || ^19.0.0"
      }
    },
    "node_modules/groq-sdk": {
      "version": "1.1.2",
      "resolved": "https://registry.npmjs.org/groq-sdk/-/groq-sdk-1.1.2.tgz",
      "integrity": "sha512-example-hash-here"
    },
    "node_modules/gsap": {
      "version": "3.15.0",
      "resolved": "https://registry.npmjs.org/gsap/-/gsap-3.15.0.tgz",
      "integrity": "sha512-example-hash-here"
    },
    "node_modules/lottie-react": {
      "version": "2.4.1",
      "resolved": "https://registry.npmjs.org/lottie-react/-/lottie-react-2.4.1.tgz",
      "integrity": "sha512-example-hash-here",
      "peerDependencies": {
        "react": "^16.8.0 || ^17.0.0 || ^18.0.0 || ^19.0.0"
      }
    },
    "node_modules/lucide-react": {
      "version": "0.454.0",
      "resolved": "https://registry.npmjs.org/lucide-react/-/lucide-react-0.454.0.tgz",
      "integrity": "sha512-example-hash-here",
      "peerDependencies": {
        "react": "^16.5.1 || ^17.0.0 || ^18.0.0 || ^19.0.0"
      }
    },
    "node_modules/matter-js": {
      "version": "0.20.0",
      "resolved": "https://registry.npmjs.org/matter-js/-/matter-js-0.20.0.tgz",
      "integrity": "sha512-example-hash-here"
    },
    "node_modules/mongoose": {
      "version": "8.11.0",
      "resolved": "https://registry.npmjs.org/mongoose/-/mongoose-8.11.0.tgz",
      "integrity": "sha512-example-hash-here"
    },
    "node_modules/next": {
      "version": "15.1.8",
      "resolved": "https://registry.npmjs.org/next/-/next-15.1.8.tgz",
      "integrity": "sha512-example-hash-here",
      "bin": {
        "next": "dist/bin/next"
      },
      "engines": {
        "node": ">=18.18.0"
      },
      "peerDependencies": {
        "react": "^18.2.0 || 19.0.0-rc-66855b96-20241106",
        "react-dom": "^18.2.0 || 19.0.0-rc-66855b96-20241106"
      }
    },
    "node_modules/next-auth": {
      "version": "5.0.0-beta.25",
      "resolved": "https://registry.npmjs.org/next-auth/-/next-auth-5.0.0-beta.25.tgz",
      "integrity": "sha512-example-hash-here",
      "peerDependencies": {
        "next": "^14.0.0 || ^15.0.0",
        "react": "^18.0.0 || ^19.0.0"
      }
    },
    "node_modules/next-cloudinary": {
      "version": "6.16.0",
      "resolved": "https://registry.npmjs.org/next-cloudinary/-/next-cloudinary-6.16.0.tgz",
      "integrity": "sha512-example-hash-here",
      "peerDependencies": {
        "next": ">=12.0.0",
        "react": ">=16.0.0"
      }
    },
    "node_modules/node": {
      "version": "25.9.0",
      "resolved": "https://registry.npmjs.org/node/-/node-25.9.0.tgz",
      "integrity": "sha512-example-hash-here"
    },
    "node_modules/nodemailer": {
      "version": "6.10.0",
      "resolved": "https://registry.npmjs.org/nodemailer/-/nodemailer-6.10.0.tgz",
      "integrity": "sha512-example-hash-here"
    },
    "node_modules/react": {
      "version": "19.0.0",
      "resolved": "https://registry.npmjs.org/react/-/react-19.0.0.tgz",
      "integrity": "sha512-example-hash-here",
      "engines": {
        "node": ">=0.10.0"
      }
    },
    "node_modules/react-chartjs-2": {
      "version": "5.3.1",
      "resolved": "https://registry.npmjs.org/react-chartjs-2/-/react-chartjs-2-5.3.1.tgz",
      "integrity": "sha512-example-hash-here",
      "peerDependencies": {
        "chart.js": "^4.1.1",
        "react": "^16.8.0 || ^17.0.0 || ^18.0.0 || ^19.0.0"
      }
    },
    "node_modules/react-dom": {
      "version": "19.0.0",
      "resolved": "https://registry.npmjs.org/react-dom/-/react-dom-19.0.0.tgz",
      "integrity": "sha512-example-hash-here",
      "peerDependencies": {
        "react": "^19.0.0"
      }
    },
    "node_modules/react-hook-form": {
      "version": "7.54.1",
      "resolved": "https://registry.npmjs.org/react-hook-form/-/react-hook-form-7.54.1.tgz",
      "integrity": "sha512-example-hash-here",
      "peerDependencies": {
        "react": "^16.8.0 || ^17 || ^18 || ^19"
      }
    },
    "node_modules/rough-notation": {
      "version": "0.5.1",
      "resolved": "https://registry.npmjs.org/rough-notation/-/rough-notation-0.5.1.tgz",
      "integrity": "sha512-example-hash-here"
    },
    "node_modules/socket.io": {
      "version": "4.8.3",
      "resolved": "https://registry.npmjs.org/socket.io/-/socket.io-4.8.3.tgz",
      "integrity": "sha512-example-hash-here"
    },
    "node_modules/socket.io-client": {
      "version": "4.8.3",
      "resolved": "https://registry.npmjs.org/socket.io-client/-/socket.io-client-4.8.3.tgz",
      "integrity": "sha512-example-hash-here"
    },
    "node_modules/tailwind-merge": {
      "version": "3.5.0",
      "resolved": "https://registry.npmjs.org/tailwind-merge/-/tailwind-merge-3.5.0.tgz",
      "integrity": "sha512-example-hash-here"
    },
    "node_modules/three": {
      "version": "0.183.2",
      "resolved": "https://registry.npmjs.org/three/-/three-0.183.2.tgz",
      "integrity": "sha512-example-hash-here"
    },
    "node_modules/tsparticles": {
      "version": "3.0.0",
      "resolved": "https://registry.npmjs.org/tsparticles/-/tsparticles-3.0.0.tgz",
      "integrity": "sha512-example-hash-here"
    },
    "node_modules/typed.js": {
      "version": "3.0.0",
      "resolved": "https://registry.npmjs.org/typed.js/-/typed.js-3.0.0.tgz",
      "integrity": "sha512-example-hash-here"
    },
    "node_modules/vanilla-tilt": {
      "version": "1.8.1",
      "resolved": "https://registry.npmjs.org/vanilla-tilt/-/vanilla-tilt-1.8.1.tgz",
      "integrity": "sha512-example-hash-here"
    },
    "node_modules/vivus": {
      "version": "0.4.6",
      "resolved": "https://registry.npmjs.org/vivus/-/vivus-0.4.6.tgz",
      "integrity": "sha512-example-hash-here"
    },
    "node_modules/zod": {
      "version": "3.24.1",
      "resolved": "https://registry.npmjs.org/zod/-/zod-3.24.1.tgz",
      "integrity": "sha512-example-hash-here"
    }
  }
}